<Solution>
  <Folder Name="/Abstractions/">
    <File Path="src/Abstractions/README.md" />
    <Project Path="src/Abstractions/src/LangChain.Databases.Abstractions.csproj" />
  </Folder>
  <Folder Name="/AzureCognitiveSearch/">
    <Project Path="src/AzureCognitiveSearch/src/LangChain.Databases.AzureCognitiveSearch.csproj" />
  </Folder>
  <Folder Name="/AzureSearch/">
    <Project Path="src/AzureSearch/src/LangChain.Databases.AzureSearch.csproj" />
  </Folder>
  <Folder Name="/Chroma/">
    <Project Path="src/Chroma/src/LangChain.Databases.Chroma.csproj" />
  </Folder>
  <Folder Name="/DuckDb/">
    <Project Path="src/DuckDb/src/LangChain.Databases.DuckDb.csproj" />
  </Folder>
  <Folder Name="/Elasticsearch/">
    <Project Path="src/Elasticsearch/src/LangChain.Databases.Elasticsearch.csproj" />
  </Folder>
  <Folder Name="/Helpers/">
    <Project Path="src/Helpers/GenerateDocs/GenerateDocs.csproj" />
    <Project Path="src/Helpers/TrimmingHelper/TrimmingHelper.csproj" />
  </Folder>
  <Folder Name="/InMemory/">
    <Project Path="src/InMemory/src/LangChain.Databases.InMemory.csproj" />
  </Folder>
  <Folder Name="/IntegrationTests/">
    <Project Path="src/IntegrationTests/LangChain.Databases.IntegrationTests.csproj" />
  </Folder>
  <Folder Name="/Kendra/">
    <Project Path="src/Kendra/src/LangChain.Databases.Kendra.csproj" />
  </Folder>
  <Folder Name="/Milvus/">
    <Project Path="src/Milvus/src/LangChain.Databases.Milvus.csproj" />
  </Folder>
  <Folder Name="/Misc/">
    <File Path=".gitignore" />
    <File Path="LICENSE" />
    <File Path="README.md" />
    <File Path="src/Directory.Build.props" />
    <File Path="src/Directory.Build.targets" />
    <File Path="src/Directory.Packages.props" />
    <File Path="src/Packaging.props" />
    <File Path="src/Testing.props" />
    <File Path="src/Testing.targets" />
  </Folder>
  <Folder Name="/Misc/docs/">
    <File Path="docs/css/extra.css" />
    <File Path="docs/index.md" />
    <File Path="docs/media/icon128.png" />
    <File Path="mkdocs.yml" />
  </Folder>
  <Folder Name="/Misc/workflows/">
    <File Path=".github/dependabot.yml" />
    <File Path=".github/workflows/auto-format.yml" />
    <File Path=".github/workflows/auto-labeling.yml" />
    <File Path=".github/workflows/auto-merge.yml" />
    <File Path=".github/workflows/dotnet.yml" />
    <File Path=".github/workflows/mkdocs.yml" />
    <File Path=".github/workflows/pull-request.yml" />
  </Folder>
  <Folder Name="/Mongo/">
    <Project Path="src/Mongo/src/LangChain.Databases.Mongo.csproj" />
  </Folder>
  <Folder Name="/OpenSearch/">
    <Project Path="src/OpenSearch/src/LangChain.Databases.OpenSearch.csproj" />
  </Folder>
  <Folder Name="/Pinecone/">
    <Project Path="src/Pinecone/src/LangChain.Databases.Pinecone.csproj" />
  </Folder>
  <Folder Name="/Postgres/">
    <Project Path="src/Postgres/src/LangChain.Databases.Postgres.csproj" />
  </Folder>
  <Folder Name="/Qdrant/">
    <Project Path="src/Qdrant/src/LangChain.Databases.Qdrant.csproj" />
  </Folder>
  <Folder Name="/Redis/">
    <Project Path="src/Redis/src/LangChain.Databases.Redis.csproj" />
  </Folder>
  <Folder Name="/SemanticKernel/">
    <Project Path="src/SemanticKernel/src/LangChain.Databases.SemanticKernel.csproj" />
  </Folder>
  <Folder Name="/Sqlite/">
    <Project Path="src/Sqlite/src/LangChain.Databases.Sqlite.csproj" />
  </Folder>
  <Folder Name="/Weaviate/">
    <Project Path="src/Weaviate/src/LangChain.Databases.Weaviate.csproj" />
  </Folder>
</Solution>
