Microsoft Visual Studio Solution File, Format Version 12.00
# Visual Studio Version 17
VisualStudioVersion = 17.6.33829.357
MinimumVisualStudioVersion = 10.0.40219.1
Project("{2150E333-8FDC-42A3-9474-1A3956D46DE8}") = "Misc", "Misc", "{23506EB8-1B27-4FD0-B570-2F5EF2C33034}"
	ProjectSection(SolutionItems) = preProject
		.gitignore = .gitignore
		src\Directory.Build.props = src\Directory.Build.props
		src\Directory.Build.targets = src\Directory.Build.targets
		src\Directory.Packages.props = src\Directory.Packages.props
		LICENSE = LICENSE
		src\Packaging.props = src\Packaging.props
		README.md = README.md
		src\Testing.props = src\Testing.props
		src\Testing.targets = src\Testing.targets
	EndProjectSection
EndProject
Project("{2150E333-8FDC-42A3-9474-1A3956D46DE8}") = "workflows", "workflows", "{B4ED97D9-08F2-4531-B21B-EA1B9CB4E52B}"
	ProjectSection(SolutionItems) = preProject
		.github\workflows\auto-format.yml = .github\workflows\auto-format.yml
		.github\workflows\auto-labeling.yml = .github\workflows\auto-labeling.yml
		.github\workflows\auto-merge.yml = .github\workflows\auto-merge.yml
		.github\workflows\deep-infra.yml = .github\workflows\deep-infra.yml
		.github\dependabot.yml = .github\dependabot.yml
		.github\workflows\dotnet.yml = .github\workflows\dotnet.yml
		.github\workflows\github-releases-to-discord.yml = .github\workflows\github-releases-to-discord.yml
		.github\workflows\mkdocs.yml = .github\workflows\mkdocs.yml
		.github\workflows\open-router.yml = .github\workflows\open-router.yml
		.github\workflows\pull-request.yml = .github\workflows\pull-request.yml
		.github\workflows\together.yml = .github\workflows\together.yml
	EndProjectSection
EndProject
Project("{2150E333-8FDC-42A3-9474-1A3956D46DE8}") = "Weaviate", "Weaviate", "{94377C99-AB51-451D-B51E-B567A489C540}"
EndProject
Project("{2150E333-8FDC-42A3-9474-1A3956D46DE8}") = "Sqlite", "Sqlite", "{5168348E-52FD-4905-83B2-AAF546EAD676}"
EndProject
Project("{2150E333-8FDC-42A3-9474-1A3956D46DE8}") = "Redis", "Redis", "{E6D3B662-4546-430C-B43A-85D9E03DDB53}"
EndProject
Project("{2150E333-8FDC-42A3-9474-1A3956D46DE8}") = "Qdrant", "Qdrant", "{A4332BEF-5481-4620-9EA0-75014B0FC6D5}"
EndProject
Project("{2150E333-8FDC-42A3-9474-1A3956D46DE8}") = "Postgres", "Postgres", "{8EADAD29-BA9F-461D-86F3-D5C66D549704}"
EndProject
Project("{2150E333-8FDC-42A3-9474-1A3956D46DE8}") = "Pinecone", "Pinecone", "{1F242185-FE44-4577-90DA-6E32217A4F14}"
EndProject
Project("{2150E333-8FDC-42A3-9474-1A3956D46DE8}") = "Kendra", "Kendra", "{81D894F9-46CD-40C1-8F5D-859286F6E331}"
EndProject
Project("{2150E333-8FDC-42A3-9474-1A3956D46DE8}") = "InMemory", "InMemory", "{F83E33F2-C924-446F-9F75-124309E6D867}"
EndProject
Project("{2150E333-8FDC-42A3-9474-1A3956D46DE8}") = "DuckDb", "DuckDb", "{7D0F59CB-BB10-46DF-A9F5-C6A5C875ACEE}"
EndProject
Project("{2150E333-8FDC-42A3-9474-1A3956D46DE8}") = "Chroma", "Chroma", "{6C9755EA-9907-40A6-88EF-5E5899280C98}"
EndProject
Project("{2150E333-8FDC-42A3-9474-1A3956D46DE8}") = "AzureSearch", "AzureSearch", "{C19D1E6D-4F7E-43E1-BA1F-F6709A372F44}"
EndProject
Project("{2150E333-8FDC-42A3-9474-1A3956D46DE8}") = "AzureCognitiveSearch", "AzureCognitiveSearch", "{3AB6DC83-83DF-4CC8-B1CE-D115B5CE88A7}"
EndProject
Project("{9A19103F-16F7-4668-BE54-9A1E7A4F7556}") = "LangChain.Databases.AzureCognitiveSearch", "src\AzureCognitiveSearch\src\LangChain.Databases.AzureCognitiveSearch.csproj", "{24FD645A-993B-4C5C-A0B2-B6A2914920DA}"
EndProject
Project("{9A19103F-16F7-4668-BE54-9A1E7A4F7556}") = "LangChain.Databases.AzureSearch", "src\AzureSearch\src\LangChain.Databases.AzureSearch.csproj", "{FBEF49F2-9381-49E7-A701-D0B333F53AFE}"
EndProject
Project("{9A19103F-16F7-4668-BE54-9A1E7A4F7556}") = "LangChain.Databases.Chroma", "src\Chroma\src\LangChain.Databases.Chroma.csproj", "{9CFCE90C-DB4E-428B-9540-F780ACDB651B}"
EndProject
Project("{9A19103F-16F7-4668-BE54-9A1E7A4F7556}") = "LangChain.Databases.DuckDb", "src\DuckDb\src\LangChain.Databases.DuckDb.csproj", "{4986EC21-513B-46E3-B178-934F428B9AC0}"
EndProject
Project("{9A19103F-16F7-4668-BE54-9A1E7A4F7556}") = "LangChain.Databases.InMemory", "src\InMemory\src\LangChain.Databases.InMemory.csproj", "{7EB87792-8951-453F-9156-451A9B8291F8}"
EndProject
Project("{9A19103F-16F7-4668-BE54-9A1E7A4F7556}") = "LangChain.Databases.Kendra", "src\Kendra\src\LangChain.Databases.Kendra.csproj", "{7B66F6FE-C208-47C7-AD25-8452580DBEB0}"
EndProject
Project("{9A19103F-16F7-4668-BE54-9A1E7A4F7556}") = "LangChain.Databases.Pinecone", "src\Pinecone\src\LangChain.Databases.Pinecone.csproj", "{9664202C-693B-48BA-8985-A5CE66C5C3DF}"
EndProject
Project("{9A19103F-16F7-4668-BE54-9A1E7A4F7556}") = "LangChain.Databases.Postgres", "src\Postgres\src\LangChain.Databases.Postgres.csproj", "{30ECF169-48BD-4734-8EC7-E7D836A25DC3}"
EndProject
Project("{9A19103F-16F7-4668-BE54-9A1E7A4F7556}") = "LangChain.Databases.Qdrant", "src\Qdrant\src\LangChain.Databases.Qdrant.csproj", "{E11B6ED8-2F4C-4B3D-BF1D-74DEDF854B43}"
EndProject
Project("{9A19103F-16F7-4668-BE54-9A1E7A4F7556}") = "LangChain.Databases.Redis", "src\Redis\src\LangChain.Databases.Redis.csproj", "{D3053ED4-E79A-4FC9-B876-3583FE34E40E}"
EndProject
Project("{9A19103F-16F7-4668-BE54-9A1E7A4F7556}") = "LangChain.Databases.Sqlite", "src\Sqlite\src\LangChain.Databases.Sqlite.csproj", "{6AEBB993-C5AE-4F93-9BE5-D1B8469D7A68}"
EndProject
Project("{9A19103F-16F7-4668-BE54-9A1E7A4F7556}") = "LangChain.Databases.Weaviate", "src\Weaviate\src\LangChain.Databases.Weaviate.csproj", "{0CE25033-D1EB-4DCC-A6C0-B18950267690}"
EndProject
Project("{2150E333-8FDC-42A3-9474-1A3956D46DE8}") = "Helpers", "Helpers", "{1325D29E-D42F-423F-A6AC-5E880BE2AB68}"
EndProject
Project("{9A19103F-16F7-4668-BE54-9A1E7A4F7556}") = "TrimmingHelper", "src\Helpers\TrimmingHelper\TrimmingHelper.csproj", "{BEE04F82-38FB-4BB2-AB48-A73AD0104142}"
EndProject
Project("{9A19103F-16F7-4668-BE54-9A1E7A4F7556}") = "LangChain.Databases.OpenSearch", "src\OpenSearch\src\LangChain.Databases.OpenSearch.csproj", "{90C2108C-86FD-46C3-8BE6-AAA2E0AD3830}"
EndProject
Project("{2150E333-8FDC-42A3-9474-1A3956D46DE8}") = "OpenSearch", "OpenSearch", "{7D112F30-B12B-4ABE-B429-FEBC93F439AF}"
EndProject
Project("{2150E333-8FDC-42A3-9474-1A3956D46DE8}") = "Abstractions", "Abstractions", "{3E6FEA5C-3F34-4BFF-BB68-2AFFF3B86436}"
	ProjectSection(SolutionItems) = preProject
		src\Abstractions\README.md = src\Abstractions\README.md
	EndProjectSection
EndProject
Project("{9A19103F-16F7-4668-BE54-9A1E7A4F7556}") = "LangChain.Databases.Abstractions", "src\Abstractions\src\LangChain.Databases.Abstractions.csproj", "{FFB4B70D-85F9-4C9D-BBAE-4863F83AF950}"
EndProject
Project("{9A19103F-16F7-4668-BE54-9A1E7A4F7556}") = "LangChain.Databases.IntegrationTests", "src\IntegrationTests\LangChain.Databases.IntegrationTests.csproj", "{6B66A8D4-4536-4B3C-AD2E-F6F48D2C7C13}"
EndProject
Project("{2150E333-8FDC-42A3-9474-1A3956D46DE8}") = "Mongo", "Mongo", "{07C5311E-E2E7-4F53-B837-A72196C54D8B}"
EndProject
Project("{9A19103F-16F7-4668-BE54-9A1E7A4F7556}") = "LangChain.Databases.Mongo", "src\Mongo\src\LangChain.Databases.Mongo.csproj", "{F4488CA6-9648-4467-862E-3C4A3CAAF5B4}"
EndProject
Project("{2150E333-8FDC-42A3-9474-1A3956D46DE8}") = "IntegrationTests", "IntegrationTests", "{69CDDB03-DEBC-4760-A7BB-A9241278A8DD}"
EndProject
Project("{2150E333-8FDC-42A3-9474-1A3956D46DE8}") = "docs", "docs", "{20D58A8D-DB93-47AC-956B-9EB89EA75928}"
	ProjectSection(SolutionItems) = preProject
		docs\css\extra.css = docs\css\extra.css
		docs\media\icon128.png = docs\media\icon128.png
		docs\index.md = docs\index.md
		mkdocs.yml = mkdocs.yml
	EndProjectSection
EndProject
Project("{9A19103F-16F7-4668-BE54-9A1E7A4F7556}") = "GenerateDocs", "src\Helpers\GenerateDocs\GenerateDocs.csproj", "{EFFC19CE-9519-492D-A5CC-E1C90EB410E0}"
EndProject
Project("{2150E333-8FDC-42A3-9474-1A3956D46DE8}") = "Elasticsearch", "Elasticsearch", "{3FCA798D-2CBE-41E7-B5F7-65B4AF6EBC8A}"
EndProject
Project("{9A19103F-16F7-4668-BE54-9A1E7A4F7556}") = "LangChain.Databases.Elasticsearch", "src\Elasticsearch\src\LangChain.Databases.Elasticsearch.csproj", "{6C053245-EB8B-4C98-85AC-B00BA222ABBB}"
EndProject
Project("{2150E333-8FDC-42A3-9474-1A3956D46DE8}") = "Milvus", "Milvus", "{3CB20A37-5E76-40D1-91F6-47C96FA06AE5}"
EndProject
Project("{9A19103F-16F7-4668-BE54-9A1E7A4F7556}") = "LangChain.Databases.Milvus", "src\Milvus\src\LangChain.Databases.Milvus.csproj", "{259C2E5D-6AA9-4384-8F55-24C4D4F1CF18}"
EndProject
Project("{2150E333-8FDC-42A3-9474-1A3956D46DE8}") = "SemanticKernel", "SemanticKernel", "{3F426832-2CF3-4921-819F-13342F69A6E6}"
EndProject
Project("{FAE04EC0-301F-11D3-BF4B-00C04F79EFBC}") = "LangChain.Databases.SemanticKernel", "src\SemanticKernel\src\LangChain.Databases.SemanticKernel.csproj", "{D1D3D997-AD91-45E6-9610-8C5080750CB0}"
EndProject
Global
	GlobalSection(SolutionConfigurationPlatforms) = preSolution
		Debug|Any CPU = Debug|Any CPU
		Release|Any CPU = Release|Any CPU
	EndGlobalSection
	GlobalSection(ProjectConfigurationPlatforms) = postSolution
		{24FD645A-993B-4C5C-A0B2-B6A2914920DA}.Debug|Any CPU.ActiveCfg = Debug|Any CPU
		{24FD645A-993B-4C5C-A0B2-B6A2914920DA}.Debug|Any CPU.Build.0 = Debug|Any CPU
		{24FD645A-993B-4C5C-A0B2-B6A2914920DA}.Release|Any CPU.ActiveCfg = Release|Any CPU
		{24FD645A-993B-4C5C-A0B2-B6A2914920DA}.Release|Any CPU.Build.0 = Release|Any CPU
		{FBEF49F2-9381-49E7-A701-D0B333F53AFE}.Debug|Any CPU.ActiveCfg = Debug|Any CPU
		{FBEF49F2-9381-49E7-A701-D0B333F53AFE}.Debug|Any CPU.Build.0 = Debug|Any CPU
		{FBEF49F2-9381-49E7-A701-D0B333F53AFE}.Release|Any CPU.ActiveCfg = Release|Any CPU
		{FBEF49F2-9381-49E7-A701-D0B333F53AFE}.Release|Any CPU.Build.0 = Release|Any CPU
		{9CFCE90C-DB4E-428B-9540-F780ACDB651B}.Debug|Any CPU.ActiveCfg = Debug|Any CPU
		{9CFCE90C-DB4E-428B-9540-F780ACDB651B}.Debug|Any CPU.Build.0 = Debug|Any CPU
		{9CFCE90C-DB4E-428B-9540-F780ACDB651B}.Release|Any CPU.ActiveCfg = Release|Any CPU
		{9CFCE90C-DB4E-428B-9540-F780ACDB651B}.Release|Any CPU.Build.0 = Release|Any CPU
		{4986EC21-513B-46E3-B178-934F428B9AC0}.Debug|Any CPU.ActiveCfg = Debug|Any CPU
		{4986EC21-513B-46E3-B178-934F428B9AC0}.Debug|Any CPU.Build.0 = Debug|Any CPU
		{4986EC21-513B-46E3-B178-934F428B9AC0}.Release|Any CPU.ActiveCfg = Release|Any CPU
		{4986EC21-513B-46E3-B178-934F428B9AC0}.Release|Any CPU.Build.0 = Release|Any CPU
		{7EB87792-8951-453F-9156-451A9B8291F8}.Debug|Any CPU.ActiveCfg = Debug|Any CPU
		{7EB87792-8951-453F-9156-451A9B8291F8}.Debug|Any CPU.Build.0 = Debug|Any CPU
		{7EB87792-8951-453F-9156-451A9B8291F8}.Release|Any CPU.ActiveCfg = Release|Any CPU
		{7EB87792-8951-453F-9156-451A9B8291F8}.Release|Any CPU.Build.0 = Release|Any CPU
		{7B66F6FE-C208-47C7-AD25-8452580DBEB0}.Debug|Any CPU.ActiveCfg = Debug|Any CPU
		{7B66F6FE-C208-47C7-AD25-8452580DBEB0}.Debug|Any CPU.Build.0 = Debug|Any CPU
		{7B66F6FE-C208-47C7-AD25-8452580DBEB0}.Release|Any CPU.ActiveCfg = Release|Any CPU
		{7B66F6FE-C208-47C7-AD25-8452580DBEB0}.Release|Any CPU.Build.0 = Release|Any CPU
		{9664202C-693B-48BA-8985-A5CE66C5C3DF}.Debug|Any CPU.ActiveCfg = Debug|Any CPU
		{9664202C-693B-48BA-8985-A5CE66C5C3DF}.Debug|Any CPU.Build.0 = Debug|Any CPU
		{9664202C-693B-48BA-8985-A5CE66C5C3DF}.Release|Any CPU.ActiveCfg = Release|Any CPU
		{9664202C-693B-48BA-8985-A5CE66C5C3DF}.Release|Any CPU.Build.0 = Release|Any CPU
		{30ECF169-48BD-4734-8EC7-E7D836A25DC3}.Debug|Any CPU.ActiveCfg = Debug|Any CPU
		{30ECF169-48BD-4734-8EC7-E7D836A25DC3}.Debug|Any CPU.Build.0 = Debug|Any CPU
		{30ECF169-48BD-4734-8EC7-E7D836A25DC3}.Release|Any CPU.ActiveCfg = Release|Any CPU
		{30ECF169-48BD-4734-8EC7-E7D836A25DC3}.Release|Any CPU.Build.0 = Release|Any CPU
		{E11B6ED8-2F4C-4B3D-BF1D-74DEDF854B43}.Debug|Any CPU.ActiveCfg = Debug|Any CPU
		{E11B6ED8-2F4C-4B3D-BF1D-74DEDF854B43}.Debug|Any CPU.Build.0 = Debug|Any CPU
		{E11B6ED8-2F4C-4B3D-BF1D-74DEDF854B43}.Release|Any CPU.ActiveCfg = Release|Any CPU
		{E11B6ED8-2F4C-4B3D-BF1D-74DEDF854B43}.Release|Any CPU.Build.0 = Release|Any CPU
		{D3053ED4-E79A-4FC9-B876-3583FE34E40E}.Debug|Any CPU.ActiveCfg = Debug|Any CPU
		{D3053ED4-E79A-4FC9-B876-3583FE34E40E}.Debug|Any CPU.Build.0 = Debug|Any CPU
		{D3053ED4-E79A-4FC9-B876-3583FE34E40E}.Release|Any CPU.ActiveCfg = Release|Any CPU
		{D3053ED4-E79A-4FC9-B876-3583FE34E40E}.Release|Any CPU.Build.0 = Release|Any CPU
		{6AEBB993-C5AE-4F93-9BE5-D1B8469D7A68}.Debug|Any CPU.ActiveCfg = Debug|Any CPU
		{6AEBB993-C5AE-4F93-9BE5-D1B8469D7A68}.Debug|Any CPU.Build.0 = Debug|Any CPU
		{6AEBB993-C5AE-4F93-9BE5-D1B8469D7A68}.Release|Any CPU.ActiveCfg = Release|Any CPU
		{6AEBB993-C5AE-4F93-9BE5-D1B8469D7A68}.Release|Any CPU.Build.0 = Release|Any CPU
		{0CE25033-D1EB-4DCC-A6C0-B18950267690}.Debug|Any CPU.ActiveCfg = Debug|Any CPU
		{0CE25033-D1EB-4DCC-A6C0-B18950267690}.Debug|Any CPU.Build.0 = Debug|Any CPU
		{0CE25033-D1EB-4DCC-A6C0-B18950267690}.Release|Any CPU.ActiveCfg = Release|Any CPU
		{0CE25033-D1EB-4DCC-A6C0-B18950267690}.Release|Any CPU.Build.0 = Release|Any CPU
		{BEE04F82-38FB-4BB2-AB48-A73AD0104142}.Debug|Any CPU.ActiveCfg = Debug|Any CPU
		{BEE04F82-38FB-4BB2-AB48-A73AD0104142}.Debug|Any CPU.Build.0 = Debug|Any CPU
		{BEE04F82-38FB-4BB2-AB48-A73AD0104142}.Release|Any CPU.ActiveCfg = Release|Any CPU
		{BEE04F82-38FB-4BB2-AB48-A73AD0104142}.Release|Any CPU.Build.0 = Release|Any CPU
		{90C2108C-86FD-46C3-8BE6-AAA2E0AD3830}.Debug|Any CPU.ActiveCfg = Debug|Any CPU
		{90C2108C-86FD-46C3-8BE6-AAA2E0AD3830}.Debug|Any CPU.Build.0 = Debug|Any CPU
		{90C2108C-86FD-46C3-8BE6-AAA2E0AD3830}.Release|Any CPU.ActiveCfg = Release|Any CPU
		{90C2108C-86FD-46C3-8BE6-AAA2E0AD3830}.Release|Any CPU.Build.0 = Release|Any CPU
		{FFB4B70D-85F9-4C9D-BBAE-4863F83AF950}.Debug|Any CPU.ActiveCfg = Debug|Any CPU
		{FFB4B70D-85F9-4C9D-BBAE-4863F83AF950}.Debug|Any CPU.Build.0 = Debug|Any CPU
		{FFB4B70D-85F9-4C9D-BBAE-4863F83AF950}.Release|Any CPU.ActiveCfg = Release|Any CPU
		{FFB4B70D-85F9-4C9D-BBAE-4863F83AF950}.Release|Any CPU.Build.0 = Release|Any CPU
		{6B66A8D4-4536-4B3C-AD2E-F6F48D2C7C13}.Debug|Any CPU.ActiveCfg = Debug|Any CPU
		{6B66A8D4-4536-4B3C-AD2E-F6F48D2C7C13}.Debug|Any CPU.Build.0 = Debug|Any CPU
		{6B66A8D4-4536-4B3C-AD2E-F6F48D2C7C13}.Release|Any CPU.ActiveCfg = Release|Any CPU
		{6B66A8D4-4536-4B3C-AD2E-F6F48D2C7C13}.Release|Any CPU.Build.0 = Release|Any CPU
		{F4488CA6-9648-4467-862E-3C4A3CAAF5B4}.Debug|Any CPU.ActiveCfg = Debug|Any CPU
		{F4488CA6-9648-4467-862E-3C4A3CAAF5B4}.Debug|Any CPU.Build.0 = Debug|Any CPU
		{F4488CA6-9648-4467-862E-3C4A3CAAF5B4}.Release|Any CPU.ActiveCfg = Release|Any CPU
		{F4488CA6-9648-4467-862E-3C4A3CAAF5B4}.Release|Any CPU.Build.0 = Release|Any CPU
		{EFFC19CE-9519-492D-A5CC-E1C90EB410E0}.Debug|Any CPU.ActiveCfg = Debug|Any CPU
		{EFFC19CE-9519-492D-A5CC-E1C90EB410E0}.Debug|Any CPU.Build.0 = Debug|Any CPU
		{EFFC19CE-9519-492D-A5CC-E1C90EB410E0}.Release|Any CPU.ActiveCfg = Release|Any CPU
		{EFFC19CE-9519-492D-A5CC-E1C90EB410E0}.Release|Any CPU.Build.0 = Release|Any CPU
		{6C053245-EB8B-4C98-85AC-B00BA222ABBB}.Debug|Any CPU.ActiveCfg = Debug|Any CPU
		{6C053245-EB8B-4C98-85AC-B00BA222ABBB}.Debug|Any CPU.Build.0 = Debug|Any CPU
		{6C053245-EB8B-4C98-85AC-B00BA222ABBB}.Release|Any CPU.ActiveCfg = Release|Any CPU
		{6C053245-EB8B-4C98-85AC-B00BA222ABBB}.Release|Any CPU.Build.0 = Release|Any CPU
		{259C2E5D-6AA9-4384-8F55-24C4D4F1CF18}.Debug|Any CPU.ActiveCfg = Debug|Any CPU
		{259C2E5D-6AA9-4384-8F55-24C4D4F1CF18}.Debug|Any CPU.Build.0 = Debug|Any CPU
		{259C2E5D-6AA9-4384-8F55-24C4D4F1CF18}.Release|Any CPU.ActiveCfg = Release|Any CPU
		{259C2E5D-6AA9-4384-8F55-24C4D4F1CF18}.Release|Any CPU.Build.0 = Release|Any CPU
		{D1D3D997-AD91-45E6-9610-8C5080750CB0}.Debug|Any CPU.ActiveCfg = Debug|Any CPU
		{D1D3D997-AD91-45E6-9610-8C5080750CB0}.Debug|Any CPU.Build.0 = Debug|Any CPU
		{D1D3D997-AD91-45E6-9610-8C5080750CB0}.Release|Any CPU.ActiveCfg = Release|Any CPU
		{D1D3D997-AD91-45E6-9610-8C5080750CB0}.Release|Any CPU.Build.0 = Release|Any CPU
	EndGlobalSection
	GlobalSection(SolutionProperties) = preSolution
		HideSolutionNode = FALSE
	EndGlobalSection
	GlobalSection(NestedProjects) = preSolution
		{B4ED97D9-08F2-4531-B21B-EA1B9CB4E52B} = {23506EB8-1B27-4FD0-B570-2F5EF2C33034}
		{24FD645A-993B-4C5C-A0B2-B6A2914920DA} = {3AB6DC83-83DF-4CC8-B1CE-D115B5CE88A7}
		{FBEF49F2-9381-49E7-A701-D0B333F53AFE} = {C19D1E6D-4F7E-43E1-BA1F-F6709A372F44}
		{9CFCE90C-DB4E-428B-9540-F780ACDB651B} = {6C9755EA-9907-40A6-88EF-5E5899280C98}
		{4986EC21-513B-46E3-B178-934F428B9AC0} = {7D0F59CB-BB10-46DF-A9F5-C6A5C875ACEE}
		{7EB87792-8951-453F-9156-451A9B8291F8} = {F83E33F2-C924-446F-9F75-124309E6D867}
		{7B66F6FE-C208-47C7-AD25-8452580DBEB0} = {81D894F9-46CD-40C1-8F5D-859286F6E331}
		{9664202C-693B-48BA-8985-A5CE66C5C3DF} = {1F242185-FE44-4577-90DA-6E32217A4F14}
		{30ECF169-48BD-4734-8EC7-E7D836A25DC3} = {8EADAD29-BA9F-461D-86F3-D5C66D549704}
		{E11B6ED8-2F4C-4B3D-BF1D-74DEDF854B43} = {A4332BEF-5481-4620-9EA0-75014B0FC6D5}
		{D3053ED4-E79A-4FC9-B876-3583FE34E40E} = {E6D3B662-4546-430C-B43A-85D9E03DDB53}
		{6AEBB993-C5AE-4F93-9BE5-D1B8469D7A68} = {5168348E-52FD-4905-83B2-AAF546EAD676}
		{0CE25033-D1EB-4DCC-A6C0-B18950267690} = {94377C99-AB51-451D-B51E-B567A489C540}
		{BEE04F82-38FB-4BB2-AB48-A73AD0104142} = {1325D29E-D42F-423F-A6AC-5E880BE2AB68}
		{90C2108C-86FD-46C3-8BE6-AAA2E0AD3830} = {7D112F30-B12B-4ABE-B429-FEBC93F439AF}
		{FFB4B70D-85F9-4C9D-BBAE-4863F83AF950} = {3E6FEA5C-3F34-4BFF-BB68-2AFFF3B86436}
		{6B66A8D4-4536-4B3C-AD2E-F6F48D2C7C13} = {69CDDB03-DEBC-4760-A7BB-A9241278A8DD}
		{F4488CA6-9648-4467-862E-3C4A3CAAF5B4} = {07C5311E-E2E7-4F53-B837-A72196C54D8B}
		{20D58A8D-DB93-47AC-956B-9EB89EA75928} = {23506EB8-1B27-4FD0-B570-2F5EF2C33034}
		{EFFC19CE-9519-492D-A5CC-E1C90EB410E0} = {1325D29E-D42F-423F-A6AC-5E880BE2AB68}
		{6C053245-EB8B-4C98-85AC-B00BA222ABBB} = {3FCA798D-2CBE-41E7-B5F7-65B4AF6EBC8A}
		{259C2E5D-6AA9-4384-8F55-24C4D4F1CF18} = {3CB20A37-5E76-40D1-91F6-47C96FA06AE5}
		{D1D3D997-AD91-45E6-9610-8C5080750CB0} = {3F426832-2CF3-4921-819F-13342F69A6E6}
	EndGlobalSection
	GlobalSection(ExtensibilityGlobals) = postSolution
		SolutionGuid = {5C00D0F1-6138-4ED9-846B-97E43D6DFF1C}
	EndGlobalSection
EndGlobal
